
Microsoft Visual Studio Solution File, Format Version 12.00
# Visual Studio Version 17
VisualStudioVersion = 17.0.31912.275
MinimumVisualStudioVersion = 10.0.40219.1
Project("{9A19103F-16F7-4668-BE54-9A1E7A4F7556}") = "DemoProject", "DemoProject\DemoProject.csproj", "{68D84886-5465-4E9A-9E9B-E27077F3E564}"
EndProject
Project("{9A19103F-16F7-4668-BE54-9A1E7A4F7556}") = "Demo.Customer", "Demo.Customer\Demo.Customer.csproj", "{1E2C6361-BDD9-436F-9DF7-479F9D50ABE6}"
EndProject
Project("{9A19103F-16F7-4668-BE54-9A1E7A4F7556}") = "Custom.DataLayer", "Custom.DataLayer\Custom.DataLayer.csproj", "{5A2A1749-E630-43D7-BA48-80CC4CA6609E}"
EndProject
Project("{9A19103F-16F7-4668-BE54-9A1E7A4F7556}") = "Demo.GenericCustomLayerAdo", "Demo.GenericCustomLayerAdo\Demo.GenericCustomLayerAdo.csproj", "{3BE76BE4-8A2C-43C3-99B8-9A4FB68F02D5}"
EndProject
Project("{9A19103F-16F7-4668-BE54-9A1E7A4F7556}") = "Demo.Api", "Demo.Api\Demo.Api.csproj", "{CD20992F-3367-4F5B-ADA5-895897BB13E6}"
EndProject
Project("{FAE04EC0-301F-11D3-BF4B-00C04F79EFBC}") = "DemoProject.Tests", "DemoProject.Tests\DemoProject.Tests.csproj", "{FC61E6F7-7A63-4D55-B2E9-6B1535C7AFD6}"
EndProject
Global
	GlobalSection(SolutionConfigurationPlatforms) = preSolution
		Debug|Any CPU = Debug|Any CPU
		Release|Any CPU = Release|Any CPU
	EndGlobalSection
	GlobalSection(ProjectConfigurationPlatforms) = postSolution
		{68D84886-5465-4E9A-9E9B-E27077F3E564}.Debug|Any CPU.ActiveCfg = Debug|Any CPU
		{68D84886-5465-4E9A-9E9B-E27077F3E564}.Debug|Any CPU.Build.0 = Debug|Any CPU
		{68D84886-5465-4E9A-9E9B-E27077F3E564}.Release|Any CPU.ActiveCfg = Release|Any CPU
		{68D84886-5465-4E9A-9E9B-E27077F3E564}.Release|Any CPU.Build.0 = Release|Any CPU
		{1E2C6361-BDD9-436F-9DF7-479F9D50ABE6}.Debug|Any CPU.ActiveCfg = Debug|Any CPU
		{1E2C6361-BDD9-436F-9DF7-479F9D50ABE6}.Debug|Any CPU.Build.0 = Debug|Any CPU
		{1E2C6361-BDD9-436F-9DF7-479F9D50ABE6}.Release|Any CPU.ActiveCfg = Release|Any CPU
		{1E2C6361-BDD9-436F-9DF7-479F9D50ABE6}.Release|Any CPU.Build.0 = Release|Any CPU
		{5A2A1749-E630-43D7-BA48-80CC4CA6609E}.Debug|Any CPU.ActiveCfg = Debug|Any CPU
		{5A2A1749-E630-43D7-BA48-80CC4CA6609E}.Debug|Any CPU.Build.0 = Debug|Any CPU
		{5A2A1749-E630-43D7-BA48-80CC4CA6609E}.Release|Any CPU.ActiveCfg = Release|Any CPU
		{5A2A1749-E630-43D7-BA48-80CC4CA6609E}.Release|Any CPU.Build.0 = Release|Any CPU
		{3BE76BE4-8A2C-43C3-99B8-9A4FB68F02D5}.Debug|Any CPU.ActiveCfg = Debug|Any CPU
		{3BE76BE4-8A2C-43C3-99B8-9A4FB68F02D5}.Debug|Any CPU.Build.0 = Debug|Any CPU
		{3BE76BE4-8A2C-43C3-99B8-9A4FB68F02D5}.Release|Any CPU.ActiveCfg = Release|Any CPU
		{3BE76BE4-8A2C-43C3-99B8-9A4FB68F02D5}.Release|Any CPU.Build.0 = Release|Any CPU
		{CD20992F-3367-4F5B-ADA5-895897BB13E6}.Debug|Any CPU.ActiveCfg = Debug|Any CPU
		{CD20992F-3367-4F5B-ADA5-895897BB13E6}.Debug|Any CPU.Build.0 = Debug|Any CPU
		{CD20992F-3367-4F5B-ADA5-895897BB13E6}.Release|Any CPU.ActiveCfg = Release|Any CPU
		{CD20992F-3367-4F5B-ADA5-895897BB13E6}.Release|Any CPU.Build.0 = Release|Any CPU
		{FC61E6F7-7A63-4D55-B2E9-6B1535C7AFD6}.Debug|Any CPU.ActiveCfg = Debug|Any CPU
		{FC61E6F7-7A63-4D55-B2E9-6B1535C7AFD6}.Debug|Any CPU.Build.0 = Debug|Any CPU
		{FC61E6F7-7A63-4D55-B2E9-6B1535C7AFD6}.Release|Any CPU.ActiveCfg = Release|Any CPU
		{FC61E6F7-7A63-4D55-B2E9-6B1535C7AFD6}.Release|Any CPU.Build.0 = Release|Any CPU
	EndGlobalSection
	GlobalSection(SolutionProperties) = preSolution
		HideSolutionNode = FALSE
	EndGlobalSection
	GlobalSection(ExtensibilityGlobals) = postSolution
		SolutionGuid = {747B1B9F-187A-4897-8620-8CB2E9213F4A}
	EndGlobalSection
EndGlobal
